Microsoft Visual Studio Solution File, Format Version 10.00
# Visual Studio 2008

Project("{B9D477B4-68BD-4BEC-FDD3-08C371C17F87}") = "HandProjection", "Assembly-CSharp-firstpass-vs.csproj", "{D4BBAB75-41CB-6ED6-0107-B4EFE8B3356C}"
EndProject
Global
	GlobalSection(SolutionConfigurationPlatforms) = preSolution
		Debug|Any CPU = Debug|Any CPU
		Release|Any CPU = Release|Any CPU
	EndGlobalSection
	GlobalSection(ProjectConfigurationPlatforms) = postSolution
		{D4BBAB75-41CB-6ED6-0107-B4EFE8B3356C}.Debug|Any CPU.ActiveCfg = Debug|Any CPU
		{D4BBAB75-41CB-6ED6-0107-B4EFE8B3356C}.Debug|Any CPU.Build.0 = Debug|Any CPU
		{D4BBAB75-41CB-6ED6-0107-B4EFE8B3356C}.Release|Any CPU.ActiveCfg = Release|Any CPU
		{D4BBAB75-41CB-6ED6-0107-B4EFE8B3356C}.Release|Any CPU.Build.0 = Release|Any CPU
	EndGlobalSection
	GlobalSection(SolutionProperties) = preSolution
		HideSolutionNode = FALSE
	EndGlobalSection
	
EndGlobal
